
Microsoft Visual Studio Solution File, Format Version 12.00
# Visual Studio Version 17
VisualStudioVersion = 17.8.34330.188
MinimumVisualStudioVersion = 10.0.40219.1
Project("{8BC9CEB8-8B4A-11D0-8D11-00A0C91BC942}") = "Morse Code Translator", "Morse Code Translator.vcxproj", "{1F8F0771-F8D7-4E6A-ACE4-7C2E32CB580D}"
EndProject
Global
	GlobalSection(SolutionConfigurationPlatforms) = preSolution
		Debug|x64 = Debug|x64
		Debug|x86 = Debug|x86
		Release|x64 = Release|x64
		Release|x86 = Release|x86
	EndGlobalSection
	GlobalSection(ProjectConfigurationPlatforms) = postSolution
		{1F8F0771-F8D7-4E6A-ACE4-7C2E32CB580D}.Debug|x64.ActiveCfg = Debug|x64
		{1F8F0771-F8D7-4E6A-ACE4-7C2E32CB580D}.Debug|x64.Build.0 = Debug|x64
		{1F8F0771-F8D7-4E6A-ACE4-7C2E32CB580D}.Debug|x86.ActiveCfg = Debug|Win32
		{1F8F0771-F8D7-4E6A-ACE4-7C2E32CB580D}.Debug|x86.Build.0 = Debug|Win32
		{1F8F0771-F8D7-4E6A-ACE4-7C2E32CB580D}.Release|x64.ActiveCfg = Debug|x64
		{1F8F0771-F8D7-4E6A-ACE4-7C2E32CB580D}.Release|x64.Build.0 = Debug|x64
		{1F8F0771-F8D7-4E6A-ACE4-7C2E32CB580D}.Release|x86.ActiveCfg = Release|Win32
		{1F8F0771-F8D7-4E6A-ACE4-7C2E32CB580D}.Release|x86.Build.0 = Release|Win32
	EndGlobalSection
	GlobalSection(SolutionProperties) = preSolution
		HideSolutionNode = FALSE
	EndGlobalSection
	GlobalSection(ExtensibilityGlobals) = postSolution
		SolutionGuid = {93EDF0A4-00BE-4EE5-839A-F887228C9CBA}
	EndGlobalSection
EndGlobal
